
Microsoft Visual Studio Solution File, Format Version 12.00
# Visual Studio Version 16
VisualStudioVersion = 16.0.30330.147
MinimumVisualStudioVersion = 10.0.40219.1
Project("{FAE04EC0-301F-11D3-BF4B-00C04F79EFBC}") = "Test", "Test\Test.csproj", "{4E38A7DF-213A-454C-A2B2-CB19C8CEB611}"
EndProject
Project("{FAE04EC0-301F-11D3-BF4B-00C04F79EFBC}") = "ExpSql", "ExpSql\ExpSql.csproj", "{07302FA9-6901-4600-BA13-0C4A9512B28B}"
EndProject
Project("{FAE04EC0-301F-11D3-BF4B-00C04F79EFBC}") = "MDbAction", "MDbAction\MDbAction.csproj", "{A0D4C26D-84A1-4528-9243-9003F7FD14BA}"
EndProject
Project("{FAE04EC0-301F-11D3-BF4B-00C04F79EFBC}") = "MDbEntity", "MDbEntity\MDbEntity.csproj", "{71BC935C-26FA-4579-975E-C0740B9A4969}"
EndProject
Global
	GlobalSection(SolutionConfigurationPlatforms) = preSolution
		Debug|Any CPU = Debug|Any CPU
		Release|Any CPU = Release|Any CPU
	EndGlobalSection
	GlobalSection(ProjectConfigurationPlatforms) = postSolution
		{4E38A7DF-213A-454C-A2B2-CB19C8CEB611}.Debug|Any CPU.ActiveCfg = Debug|Any CPU
		{4E38A7DF-213A-454C-A2B2-CB19C8CEB611}.Debug|Any CPU.Build.0 = Debug|Any CPU
		{4E38A7DF-213A-454C-A2B2-CB19C8CEB611}.Release|Any CPU.ActiveCfg = Release|Any CPU
		{4E38A7DF-213A-454C-A2B2-CB19C8CEB611}.Release|Any CPU.Build.0 = Release|Any CPU
		{07302FA9-6901-4600-BA13-0C4A9512B28B}.Debug|Any CPU.ActiveCfg = Debug|Any CPU
		{07302FA9-6901-4600-BA13-0C4A9512B28B}.Debug|Any CPU.Build.0 = Debug|Any CPU
		{07302FA9-6901-4600-BA13-0C4A9512B28B}.Release|Any CPU.ActiveCfg = Release|Any CPU
		{07302FA9-6901-4600-BA13-0C4A9512B28B}.Release|Any CPU.Build.0 = Release|Any CPU
		{A0D4C26D-84A1-4528-9243-9003F7FD14BA}.Debug|Any CPU.ActiveCfg = Debug|Any CPU
		{A0D4C26D-84A1-4528-9243-9003F7FD14BA}.Debug|Any CPU.Build.0 = Debug|Any CPU
		{A0D4C26D-84A1-4528-9243-9003F7FD14BA}.Release|Any CPU.ActiveCfg = Release|Any CPU
		{A0D4C26D-84A1-4528-9243-9003F7FD14BA}.Release|Any CPU.Build.0 = Release|Any CPU
		{71BC935C-26FA-4579-975E-C0740B9A4969}.Debug|Any CPU.ActiveCfg = Debug|Any CPU
		{71BC935C-26FA-4579-975E-C0740B9A4969}.Debug|Any CPU.Build.0 = Debug|Any CPU
		{71BC935C-26FA-4579-975E-C0740B9A4969}.Release|Any CPU.ActiveCfg = Release|Any CPU
		{71BC935C-26FA-4579-975E-C0740B9A4969}.Release|Any CPU.Build.0 = Release|Any CPU
	EndGlobalSection
	GlobalSection(SolutionProperties) = preSolution
		HideSolutionNode = FALSE
	EndGlobalSection
	GlobalSection(ExtensibilityGlobals) = postSolution
		SolutionGuid = {E100B2EB-6CFD-4F8B-9966-2F4050785536}
	EndGlobalSection
EndGlobal
