
Microsoft Visual Studio Solution File, Format Version 12.00
# Visual Studio Version 16
VisualStudioVersion = 16.0.30330.147
MinimumVisualStudioVersion = 10.0.40219.1
Project("{FAE04EC0-301F-11D3-BF4B-00C04F79EFBC}") = "Test", "Test\Test.csproj", "{4E38A7DF-213A-454C-A2B2-CB19C8CEB611}"
EndProject
Project("{D954291E-2A0B-460D-934E-DC6B0785DB48}") = "Shared.ExpSql", "Shared.ExpSql\Shared.ExpSql.shproj", "{DE308D4E-A2CB-4926-998E-5437F342ECC6}"
EndProject
Project("{FAE04EC0-301F-11D3-BF4B-00C04F79EFBC}") = "DbContext", "DbContext\DbContext.csproj", "{5630E0E1-3DC0-4397-BB92-3A94DD39727F}"
EndProject
Project("{D954291E-2A0B-460D-934E-DC6B0785DB48}") = "Shared.SqlExecutor", "Shared.SqlExecutor\Shared.SqlExecutor.shproj", "{D9BE8663-1735-4BFC-B7F3-B02AB859EE0F}"
EndProject
Project("{FAE04EC0-301F-11D3-BF4B-00C04F79EFBC}") = "DbContextNetCore", "DbContextNetCore\DbContextNetCore.csproj", "{870D7C9A-D0E4-4261-8856-5665A0391733}"
EndProject
Project("{FAE04EC0-301F-11D3-BF4B-00C04F79EFBC}") = "NetCoreVersionTest", "NetCoreVersionTest\NetCoreVersionTest.csproj", "{32274359-5355-4673-AA89-EDDA4D68C4F2}"
EndProject
Project("{FAE04EC0-301F-11D3-BF4B-00C04F79EFBC}") = "UnitTest", "UnitTest\UnitTest.csproj", "{8DC28A72-49B8-4CC3-B8CB-4B180B053D76}"
EndProject
Global
	GlobalSection(SharedMSBuildProjectFiles) = preSolution
		Shared.ExpSql\Shared.ExpSql.projitems*{5630e0e1-3dc0-4397-bb92-3a94dd39727f}*SharedItemsImports = 4
		Shared.SqlExecutor\Shared.SqlExecutor.projitems*{5630e0e1-3dc0-4397-bb92-3a94dd39727f}*SharedItemsImports = 4
		Shared.ExpSql\Shared.ExpSql.projitems*{870d7c9a-d0e4-4261-8856-5665a0391733}*SharedItemsImports = 5
		Shared.SqlExecutor\Shared.SqlExecutor.projitems*{870d7c9a-d0e4-4261-8856-5665a0391733}*SharedItemsImports = 5
		Shared.SqlExecutor\Shared.SqlExecutor.projitems*{d9be8663-1735-4bfc-b7f3-b02ab859ee0f}*SharedItemsImports = 13
		Shared.ExpSql\Shared.ExpSql.projitems*{de308d4e-a2cb-4926-998e-5437f342ecc6}*SharedItemsImports = 13
	EndGlobalSection
	GlobalSection(SolutionConfigurationPlatforms) = preSolution
		Debug|Any CPU = Debug|Any CPU
		Release|Any CPU = Release|Any CPU
	EndGlobalSection
	GlobalSection(ProjectConfigurationPlatforms) = postSolution
		{4E38A7DF-213A-454C-A2B2-CB19C8CEB611}.Debug|Any CPU.ActiveCfg = Debug|Any CPU
		{4E38A7DF-213A-454C-A2B2-CB19C8CEB611}.Debug|Any CPU.Build.0 = Debug|Any CPU
		{4E38A7DF-213A-454C-A2B2-CB19C8CEB611}.Release|Any CPU.ActiveCfg = Release|Any CPU
		{4E38A7DF-213A-454C-A2B2-CB19C8CEB611}.Release|Any CPU.Build.0 = Release|Any CPU
		{5630E0E1-3DC0-4397-BB92-3A94DD39727F}.Debug|Any CPU.ActiveCfg = Debug|Any CPU
		{5630E0E1-3DC0-4397-BB92-3A94DD39727F}.Debug|Any CPU.Build.0 = Debug|Any CPU
		{5630E0E1-3DC0-4397-BB92-3A94DD39727F}.Release|Any CPU.ActiveCfg = Release|Any CPU
		{5630E0E1-3DC0-4397-BB92-3A94DD39727F}.Release|Any CPU.Build.0 = Release|Any CPU
		{870D7C9A-D0E4-4261-8856-5665A0391733}.Debug|Any CPU.ActiveCfg = Debug|Any CPU
		{870D7C9A-D0E4-4261-8856-5665A0391733}.Debug|Any CPU.Build.0 = Debug|Any CPU
		{870D7C9A-D0E4-4261-8856-5665A0391733}.Release|Any CPU.ActiveCfg = Release|Any CPU
		{870D7C9A-D0E4-4261-8856-5665A0391733}.Release|Any CPU.Build.0 = Release|Any CPU
		{32274359-5355-4673-AA89-EDDA4D68C4F2}.Debug|Any CPU.ActiveCfg = Debug|Any CPU
		{32274359-5355-4673-AA89-EDDA4D68C4F2}.Debug|Any CPU.Build.0 = Debug|Any CPU
		{32274359-5355-4673-AA89-EDDA4D68C4F2}.Release|Any CPU.ActiveCfg = Release|Any CPU
		{32274359-5355-4673-AA89-EDDA4D68C4F2}.Release|Any CPU.Build.0 = Release|Any CPU
		{8DC28A72-49B8-4CC3-B8CB-4B180B053D76}.Debug|Any CPU.ActiveCfg = Debug|Any CPU
		{8DC28A72-49B8-4CC3-B8CB-4B180B053D76}.Debug|Any CPU.Build.0 = Debug|Any CPU
		{8DC28A72-49B8-4CC3-B8CB-4B180B053D76}.Release|Any CPU.ActiveCfg = Release|Any CPU
		{8DC28A72-49B8-4CC3-B8CB-4B180B053D76}.Release|Any CPU.Build.0 = Release|Any CPU
	EndGlobalSection
	GlobalSection(SolutionProperties) = preSolution
		HideSolutionNode = FALSE
	EndGlobalSection
	GlobalSection(ExtensibilityGlobals) = postSolution
		SolutionGuid = {E100B2EB-6CFD-4F8B-9966-2F4050785536}
	EndGlobalSection
EndGlobal
