
Microsoft Visual Studio Solution File, Format Version 12.00
# Visual Studio Version 17
VisualStudioVersion = 17.2.32516.85
MinimumVisualStudioVersion = 10.0.40219.1
Project("{9A19103F-16F7-4668-BE54-9A1E7A4F7556}") = "LightORM", "LightORM\LightORM.csproj", "{1E892AC2-2E2F-4A74-A346-FE1A9D0B35AC}"
EndProject
Project("{9A19103F-16F7-4668-BE54-9A1E7A4F7556}") = "TestProject1", "TestProject1\TestProject1.csproj", "{304AC9E8-0A01-466A-BDF1-D63BDC4F175D}"
EndProject
Project("{9A19103F-16F7-4668-BE54-9A1E7A4F7556}") = "DatabaseUtils", "DatabaseUtils\DatabaseUtils.csproj", "{F17FA142-2757-441D-A442-2E588F90A21D}"
EndProject
Project("{FAE04EC0-301F-11D3-BF4B-00C04F79EFBC}") = "LightOrmTableContextGenerator", "LightOrmTableContextGenerator\LightOrmTableContextGenerator.csproj", "{8B6906B1-8123-4122-8201-1165C389E874}"
EndProject
Global
	GlobalSection(SolutionConfigurationPlatforms) = preSolution
		Debug|Any CPU = Debug|Any CPU
		Release|Any CPU = Release|Any CPU
	EndGlobalSection
	GlobalSection(ProjectConfigurationPlatforms) = postSolution
		{1E892AC2-2E2F-4A74-A346-FE1A9D0B35AC}.Debug|Any CPU.ActiveCfg = Debug|Any CPU
		{1E892AC2-2E2F-4A74-A346-FE1A9D0B35AC}.Debug|Any CPU.Build.0 = Debug|Any CPU
		{1E892AC2-2E2F-4A74-A346-FE1A9D0B35AC}.Release|Any CPU.ActiveCfg = Release|Any CPU
		{1E892AC2-2E2F-4A74-A346-FE1A9D0B35AC}.Release|Any CPU.Build.0 = Release|Any CPU
		{304AC9E8-0A01-466A-BDF1-D63BDC4F175D}.Debug|Any CPU.ActiveCfg = Debug|Any CPU
		{304AC9E8-0A01-466A-BDF1-D63BDC4F175D}.Debug|Any CPU.Build.0 = Debug|Any CPU
		{304AC9E8-0A01-466A-BDF1-D63BDC4F175D}.Release|Any CPU.ActiveCfg = Release|Any CPU
		{304AC9E8-0A01-466A-BDF1-D63BDC4F175D}.Release|Any CPU.Build.0 = Release|Any CPU
		{F17FA142-2757-441D-A442-2E588F90A21D}.Debug|Any CPU.ActiveCfg = Debug|Any CPU
		{F17FA142-2757-441D-A442-2E588F90A21D}.Debug|Any CPU.Build.0 = Debug|Any CPU
		{F17FA142-2757-441D-A442-2E588F90A21D}.Release|Any CPU.ActiveCfg = Release|Any CPU
		{F17FA142-2757-441D-A442-2E588F90A21D}.Release|Any CPU.Build.0 = Release|Any CPU
		{8B6906B1-8123-4122-8201-1165C389E874}.Debug|Any CPU.ActiveCfg = Debug|Any CPU
		{8B6906B1-8123-4122-8201-1165C389E874}.Debug|Any CPU.Build.0 = Debug|Any CPU
		{8B6906B1-8123-4122-8201-1165C389E874}.Release|Any CPU.ActiveCfg = Release|Any CPU
		{8B6906B1-8123-4122-8201-1165C389E874}.Release|Any CPU.Build.0 = Release|Any CPU
	EndGlobalSection
	GlobalSection(SolutionProperties) = preSolution
		HideSolutionNode = FALSE
	EndGlobalSection
	GlobalSection(ExtensibilityGlobals) = postSolution
		SolutionGuid = {E100B2EB-6CFD-4F8B-9966-2F4050785536}
	EndGlobalSection
EndGlobal
