
Microsoft Visual Studio Solution File, Format Version 12.00
# Visual Studio Version 17
VisualStudioVersion = 17.2.32516.85
MinimumVisualStudioVersion = 10.0.40219.1
Project("{9A19103F-16F7-4668-BE54-9A1E7A4F7556}") = "DatabaseUtils", "DatabaseUtils\DatabaseUtils.csproj", "{F17FA142-2757-441D-A442-2E588F90A21D}"
EndProject
Project("{2150E333-8FDC-42A3-9474-1A3956D46DE8}") = "GenShared", "GenShared", "{C1941487-4737-4B37-A73F-D6679F44A4C7}"
EndProject
Project("{2150E333-8FDC-42A3-9474-1A3956D46DE8}") = "Providers", "Providers", "{568CA44D-0F78-4CC3-BBC8-FB5D3CAF1304}"
EndProject
Project("{2150E333-8FDC-42A3-9474-1A3956D46DE8}") = "src", "src", "{BC77CC50-87E9-4F10-A523-5AFE979008AE}"
EndProject
Project("{9A19103F-16F7-4668-BE54-9A1E7A4F7556}") = "LightORM", "src\LightORM\LightORM.csproj", "{E488332B-1CC6-48CD-883B-A5A04EB435DD}"
EndProject
Project("{9A19103F-16F7-4668-BE54-9A1E7A4F7556}") = "LightOrmExtensionGenerator", "src\LightOrmExtensionGenerator\LightOrmExtensionGenerator.csproj", "{27495F7A-5D7B-4188-99E0-A51C9993B264}"
EndProject
Project("{9A19103F-16F7-4668-BE54-9A1E7A4F7556}") = "LightOrmTableContextGenerator", "src\LightOrmTableContextGenerator\LightOrmTableContextGenerator.csproj", "{966D9FA5-650E-41E3-9463-95B5C0E557D8}"
EndProject
Project("{D954291E-2A0B-460D-934E-DC6B0785DB48}") = "Generators.Shared", "src\GenShared\Generators.Shared\Generators.Shared.shproj", "{0C3325BB-C186-4E45-A567-69DAF5411E8B}"
EndProject
Project("{9A19103F-16F7-4668-BE54-9A1E7A4F7556}") = "LightORM.Providers.MySql", "src\Providers\LightORM.Providers.MySql\LightORM.Providers.MySql.csproj", "{2A5C35B9-68D9-4777-9201-793CEF3D661A}"
EndProject
Project("{9A19103F-16F7-4668-BE54-9A1E7A4F7556}") = "LightORM.Providers.Oracle", "src\Providers\LightORM.Providers.Oracle\LightORM.Providers.Oracle.csproj", "{79793520-6B68-4124-958B-E63C59FBA417}"
EndProject
Project("{9A19103F-16F7-4668-BE54-9A1E7A4F7556}") = "LightORM.Providers.Sqlite", "src\Providers\LightORM.Providers.Sqlite\LightORM.Providers.Sqlite.csproj", "{A413015D-1593-4156-BAE0-EA2CD5F549FD}"
EndProject
Project("{9A19103F-16F7-4668-BE54-9A1E7A4F7556}") = "LightORM.Providers.SqlServer", "src\Providers\LightORM.Providers.SqlServer\LightORM.Providers.SqlServer.csproj", "{F88DFFD4-1C74-461C-852C-27C79C8E2D22}"
EndProject
Project("{2150E333-8FDC-42A3-9474-1A3956D46DE8}") = "doc", "doc", "{02EA681E-C7D8-13C7-8484-4AC65E1B71E8}"
	ProjectSection(SolutionItems) = preProject
		.github\workflows\push_nuget.yml = .github\workflows\push_nuget.yml
		doc\版本日志.md = doc\版本日志.md
	EndProjectSection
EndProject
Project("{2150E333-8FDC-42A3-9474-1A3956D46DE8}") = "test", "test", "{392542F8-E6C6-482F-B93E-A2D28D53AA7E}"
EndProject
Project("{FAE04EC0-301F-11D3-BF4B-00C04F79EFBC}") = "TestProject1", "test\TestProject1\TestProject1.csproj", "{76B5C402-BFB6-F6DB-F49E-5D9940F415AA}"
EndProject
Project("{FAE04EC0-301F-11D3-BF4B-00C04F79EFBC}") = "PerformanceTest", "test\PerformanceTest\PerformanceTest.csproj", "{D6E5F1AD-8074-1903-188A-2711538EE53B}"
EndProject
Project("{FAE04EC0-301F-11D3-BF4B-00C04F79EFBC}") = "TestWeb", "test\TestWeb\TestWeb.csproj", "{9CC3C52E-FF80-7297-9940-07CF20232374}"
EndProject
Project("{FAE04EC0-301F-11D3-BF4B-00C04F79EFBC}") = "LightORMTest", "test\LightORMTest\LightORMTest.csproj", "{C7DB0855-6C75-42B0-BAA0-2CB1B7583690}"
EndProject
Project("{FAE04EC0-301F-11D3-BF4B-00C04F79EFBC}") = "LightORM.Providers.PostgreSQL", "src\Providers\LightORM.Providers.PostgreSQL\LightORM.Providers.PostgreSQL.csproj", "{A1DE2AA1-9936-D952-9D4F-5F15D14E30DB}"
EndProject
Project("{FAE04EC0-301F-11D3-BF4B-00C04F79EFBC}") = "LightORMTest.PostgreSQL", "test\LightORMTest.PostgreSQL\LightORMTest.PostgreSQL.csproj", "{875EE508-F578-017E-BBB0-3DD7006CA83D}"
EndProject
Project("{FAE04EC0-301F-11D3-BF4B-00C04F79EFBC}") = "LightORMTest.Sqlite", "test\LightORMTest.Sqlite\LightORMTest.Sqlite.csproj", "{CDA04A0C-2BB4-47E9-9A35-CD8FF300FA46}"
EndProject
Project("{FAE04EC0-301F-11D3-BF4B-00C04F79EFBC}") = "LightORMTest.MySql", "test\LightORMTest.MySql\LightORMTest.MySql.csproj", "{7B639E2B-C4AB-CD88-E4E0-1DF85876E4CB}"
EndProject
Project("{FAE04EC0-301F-11D3-BF4B-00C04F79EFBC}") = "LightORMTest.Oracle", "test\LightORMTest.Oracle\LightORMTest.Oracle.csproj", "{F29E6B0E-FF0E-D850-9440-20DEDE5F3FB2}"
EndProject
Project("{FAE04EC0-301F-11D3-BF4B-00C04F79EFBC}") = "LightORMTest.SqlServer", "test\LightORMTest.SqlServer\LightORMTest.SqlServer.csproj", "{FF999AC2-68B6-9379-D2BF-80F2ACB4D0FD}"
EndProject
Global
	GlobalSection(SolutionConfigurationPlatforms) = preSolution
		Debug|Any CPU = Debug|Any CPU
		Release|Any CPU = Release|Any CPU
	EndGlobalSection
	GlobalSection(ProjectConfigurationPlatforms) = postSolution
		{F17FA142-2757-441D-A442-2E588F90A21D}.Debug|Any CPU.ActiveCfg = Debug|Any CPU
		{F17FA142-2757-441D-A442-2E588F90A21D}.Debug|Any CPU.Build.0 = Debug|Any CPU
		{F17FA142-2757-441D-A442-2E588F90A21D}.Release|Any CPU.ActiveCfg = Release|Any CPU
		{F17FA142-2757-441D-A442-2E588F90A21D}.Release|Any CPU.Build.0 = Release|Any CPU
		{E488332B-1CC6-48CD-883B-A5A04EB435DD}.Debug|Any CPU.ActiveCfg = Debug|Any CPU
		{E488332B-1CC6-48CD-883B-A5A04EB435DD}.Debug|Any CPU.Build.0 = Debug|Any CPU
		{E488332B-1CC6-48CD-883B-A5A04EB435DD}.Release|Any CPU.ActiveCfg = Release|Any CPU
		{E488332B-1CC6-48CD-883B-A5A04EB435DD}.Release|Any CPU.Build.0 = Release|Any CPU
		{27495F7A-5D7B-4188-99E0-A51C9993B264}.Debug|Any CPU.ActiveCfg = Debug|Any CPU
		{27495F7A-5D7B-4188-99E0-A51C9993B264}.Debug|Any CPU.Build.0 = Debug|Any CPU
		{27495F7A-5D7B-4188-99E0-A51C9993B264}.Release|Any CPU.ActiveCfg = Release|Any CPU
		{27495F7A-5D7B-4188-99E0-A51C9993B264}.Release|Any CPU.Build.0 = Release|Any CPU
		{966D9FA5-650E-41E3-9463-95B5C0E557D8}.Debug|Any CPU.ActiveCfg = Debug|Any CPU
		{966D9FA5-650E-41E3-9463-95B5C0E557D8}.Debug|Any CPU.Build.0 = Debug|Any CPU
		{966D9FA5-650E-41E3-9463-95B5C0E557D8}.Release|Any CPU.ActiveCfg = Release|Any CPU
		{966D9FA5-650E-41E3-9463-95B5C0E557D8}.Release|Any CPU.Build.0 = Release|Any CPU
		{2A5C35B9-68D9-4777-9201-793CEF3D661A}.Debug|Any CPU.ActiveCfg = Debug|Any CPU
		{2A5C35B9-68D9-4777-9201-793CEF3D661A}.Debug|Any CPU.Build.0 = Debug|Any CPU
		{2A5C35B9-68D9-4777-9201-793CEF3D661A}.Release|Any CPU.ActiveCfg = Release|Any CPU
		{2A5C35B9-68D9-4777-9201-793CEF3D661A}.Release|Any CPU.Build.0 = Release|Any CPU
		{79793520-6B68-4124-958B-E63C59FBA417}.Debug|Any CPU.ActiveCfg = Debug|Any CPU
		{79793520-6B68-4124-958B-E63C59FBA417}.Debug|Any CPU.Build.0 = Debug|Any CPU
		{79793520-6B68-4124-958B-E63C59FBA417}.Release|Any CPU.ActiveCfg = Release|Any CPU
		{79793520-6B68-4124-958B-E63C59FBA417}.Release|Any CPU.Build.0 = Release|Any CPU
		{A413015D-1593-4156-BAE0-EA2CD5F549FD}.Debug|Any CPU.ActiveCfg = Debug|Any CPU
		{A413015D-1593-4156-BAE0-EA2CD5F549FD}.Debug|Any CPU.Build.0 = Debug|Any CPU
		{A413015D-1593-4156-BAE0-EA2CD5F549FD}.Release|Any CPU.ActiveCfg = Release|Any CPU
		{A413015D-1593-4156-BAE0-EA2CD5F549FD}.Release|Any CPU.Build.0 = Release|Any CPU
		{F88DFFD4-1C74-461C-852C-27C79C8E2D22}.Debug|Any CPU.ActiveCfg = Debug|Any CPU
		{F88DFFD4-1C74-461C-852C-27C79C8E2D22}.Debug|Any CPU.Build.0 = Debug|Any CPU
		{F88DFFD4-1C74-461C-852C-27C79C8E2D22}.Release|Any CPU.ActiveCfg = Release|Any CPU
		{F88DFFD4-1C74-461C-852C-27C79C8E2D22}.Release|Any CPU.Build.0 = Release|Any CPU
		{76B5C402-BFB6-F6DB-F49E-5D9940F415AA}.Debug|Any CPU.ActiveCfg = Debug|Any CPU
		{76B5C402-BFB6-F6DB-F49E-5D9940F415AA}.Debug|Any CPU.Build.0 = Debug|Any CPU
		{76B5C402-BFB6-F6DB-F49E-5D9940F415AA}.Release|Any CPU.ActiveCfg = Release|Any CPU
		{76B5C402-BFB6-F6DB-F49E-5D9940F415AA}.Release|Any CPU.Build.0 = Release|Any CPU
		{D6E5F1AD-8074-1903-188A-2711538EE53B}.Debug|Any CPU.ActiveCfg = Debug|Any CPU
		{D6E5F1AD-8074-1903-188A-2711538EE53B}.Debug|Any CPU.Build.0 = Debug|Any CPU
		{D6E5F1AD-8074-1903-188A-2711538EE53B}.Release|Any CPU.ActiveCfg = Release|Any CPU
		{D6E5F1AD-8074-1903-188A-2711538EE53B}.Release|Any CPU.Build.0 = Release|Any CPU
		{9CC3C52E-FF80-7297-9940-07CF20232374}.Debug|Any CPU.ActiveCfg = Debug|Any CPU
		{9CC3C52E-FF80-7297-9940-07CF20232374}.Debug|Any CPU.Build.0 = Debug|Any CPU
		{9CC3C52E-FF80-7297-9940-07CF20232374}.Release|Any CPU.ActiveCfg = Release|Any CPU
		{9CC3C52E-FF80-7297-9940-07CF20232374}.Release|Any CPU.Build.0 = Release|Any CPU
		{C7DB0855-6C75-42B0-BAA0-2CB1B7583690}.Debug|Any CPU.ActiveCfg = Debug|Any CPU
		{C7DB0855-6C75-42B0-BAA0-2CB1B7583690}.Debug|Any CPU.Build.0 = Debug|Any CPU
		{C7DB0855-6C75-42B0-BAA0-2CB1B7583690}.Release|Any CPU.ActiveCfg = Release|Any CPU
		{C7DB0855-6C75-42B0-BAA0-2CB1B7583690}.Release|Any CPU.Build.0 = Release|Any CPU
		{A1DE2AA1-9936-D952-9D4F-5F15D14E30DB}.Debug|Any CPU.ActiveCfg = Debug|Any CPU
		{A1DE2AA1-9936-D952-9D4F-5F15D14E30DB}.Debug|Any CPU.Build.0 = Debug|Any CPU
		{A1DE2AA1-9936-D952-9D4F-5F15D14E30DB}.Release|Any CPU.ActiveCfg = Release|Any CPU
		{A1DE2AA1-9936-D952-9D4F-5F15D14E30DB}.Release|Any CPU.Build.0 = Release|Any CPU
		{875EE508-F578-017E-BBB0-3DD7006CA83D}.Debug|Any CPU.ActiveCfg = Debug|Any CPU
		{875EE508-F578-017E-BBB0-3DD7006CA83D}.Debug|Any CPU.Build.0 = Debug|Any CPU
		{875EE508-F578-017E-BBB0-3DD7006CA83D}.Release|Any CPU.ActiveCfg = Release|Any CPU
		{875EE508-F578-017E-BBB0-3DD7006CA83D}.Release|Any CPU.Build.0 = Release|Any CPU
		{CDA04A0C-2BB4-47E9-9A35-CD8FF300FA46}.Debug|Any CPU.ActiveCfg = Debug|Any CPU
		{CDA04A0C-2BB4-47E9-9A35-CD8FF300FA46}.Debug|Any CPU.Build.0 = Debug|Any CPU
		{CDA04A0C-2BB4-47E9-9A35-CD8FF300FA46}.Release|Any CPU.ActiveCfg = Release|Any CPU
		{CDA04A0C-2BB4-47E9-9A35-CD8FF300FA46}.Release|Any CPU.Build.0 = Release|Any CPU
		{7B639E2B-C4AB-CD88-E4E0-1DF85876E4CB}.Debug|Any CPU.ActiveCfg = Debug|Any CPU
		{7B639E2B-C4AB-CD88-E4E0-1DF85876E4CB}.Debug|Any CPU.Build.0 = Debug|Any CPU
		{7B639E2B-C4AB-CD88-E4E0-1DF85876E4CB}.Release|Any CPU.ActiveCfg = Release|Any CPU
		{7B639E2B-C4AB-CD88-E4E0-1DF85876E4CB}.Release|Any CPU.Build.0 = Release|Any CPU
		{F29E6B0E-FF0E-D850-9440-20DEDE5F3FB2}.Debug|Any CPU.ActiveCfg = Debug|Any CPU
		{F29E6B0E-FF0E-D850-9440-20DEDE5F3FB2}.Debug|Any CPU.Build.0 = Debug|Any CPU
		{F29E6B0E-FF0E-D850-9440-20DEDE5F3FB2}.Release|Any CPU.ActiveCfg = Release|Any CPU
		{F29E6B0E-FF0E-D850-9440-20DEDE5F3FB2}.Release|Any CPU.Build.0 = Release|Any CPU
		{FF999AC2-68B6-9379-D2BF-80F2ACB4D0FD}.Debug|Any CPU.ActiveCfg = Debug|Any CPU
		{FF999AC2-68B6-9379-D2BF-80F2ACB4D0FD}.Debug|Any CPU.Build.0 = Debug|Any CPU
		{FF999AC2-68B6-9379-D2BF-80F2ACB4D0FD}.Release|Any CPU.ActiveCfg = Release|Any CPU
		{FF999AC2-68B6-9379-D2BF-80F2ACB4D0FD}.Release|Any CPU.Build.0 = Release|Any CPU
	EndGlobalSection
	GlobalSection(SolutionProperties) = preSolution
		HideSolutionNode = FALSE
	EndGlobalSection
	GlobalSection(NestedProjects) = preSolution
		{C1941487-4737-4B37-A73F-D6679F44A4C7} = {BC77CC50-87E9-4F10-A523-5AFE979008AE}
		{568CA44D-0F78-4CC3-BBC8-FB5D3CAF1304} = {BC77CC50-87E9-4F10-A523-5AFE979008AE}
		{E488332B-1CC6-48CD-883B-A5A04EB435DD} = {BC77CC50-87E9-4F10-A523-5AFE979008AE}
		{27495F7A-5D7B-4188-99E0-A51C9993B264} = {BC77CC50-87E9-4F10-A523-5AFE979008AE}
		{966D9FA5-650E-41E3-9463-95B5C0E557D8} = {BC77CC50-87E9-4F10-A523-5AFE979008AE}
		{0C3325BB-C186-4E45-A567-69DAF5411E8B} = {C1941487-4737-4B37-A73F-D6679F44A4C7}
		{2A5C35B9-68D9-4777-9201-793CEF3D661A} = {568CA44D-0F78-4CC3-BBC8-FB5D3CAF1304}
		{79793520-6B68-4124-958B-E63C59FBA417} = {568CA44D-0F78-4CC3-BBC8-FB5D3CAF1304}
		{A413015D-1593-4156-BAE0-EA2CD5F549FD} = {568CA44D-0F78-4CC3-BBC8-FB5D3CAF1304}
		{F88DFFD4-1C74-461C-852C-27C79C8E2D22} = {568CA44D-0F78-4CC3-BBC8-FB5D3CAF1304}
		{76B5C402-BFB6-F6DB-F49E-5D9940F415AA} = {392542F8-E6C6-482F-B93E-A2D28D53AA7E}
		{D6E5F1AD-8074-1903-188A-2711538EE53B} = {392542F8-E6C6-482F-B93E-A2D28D53AA7E}
		{9CC3C52E-FF80-7297-9940-07CF20232374} = {392542F8-E6C6-482F-B93E-A2D28D53AA7E}
		{C7DB0855-6C75-42B0-BAA0-2CB1B7583690} = {392542F8-E6C6-482F-B93E-A2D28D53AA7E}
		{A1DE2AA1-9936-D952-9D4F-5F15D14E30DB} = {568CA44D-0F78-4CC3-BBC8-FB5D3CAF1304}
		{875EE508-F578-017E-BBB0-3DD7006CA83D} = {392542F8-E6C6-482F-B93E-A2D28D53AA7E}
		{CDA04A0C-2BB4-47E9-9A35-CD8FF300FA46} = {392542F8-E6C6-482F-B93E-A2D28D53AA7E}
		{7B639E2B-C4AB-CD88-E4E0-1DF85876E4CB} = {392542F8-E6C6-482F-B93E-A2D28D53AA7E}
		{F29E6B0E-FF0E-D850-9440-20DEDE5F3FB2} = {392542F8-E6C6-482F-B93E-A2D28D53AA7E}
		{FF999AC2-68B6-9379-D2BF-80F2ACB4D0FD} = {392542F8-E6C6-482F-B93E-A2D28D53AA7E}
	EndGlobalSection
	GlobalSection(ExtensibilityGlobals) = postSolution
		SolutionGuid = {E100B2EB-6CFD-4F8B-9966-2F4050785536}
	EndGlobalSection
	GlobalSection(SharedMSBuildProjectFiles) = preSolution
		src\GenShared\Generators.Shared\Generators.Shared.projitems*{0c3325bb-c186-4e45-a567-69daf5411e8b}*SharedItemsImports = 13
		src\GenShared\Generators.Shared\Generators.Shared.projitems*{27495f7a-5d7b-4188-99e0-a51c9993b264}*SharedItemsImports = 5
		src\GenShared\Generators.Shared\Generators.Shared.projitems*{966d9fa5-650e-41e3-9463-95b5c0e557d8}*SharedItemsImports = 5
	EndGlobalSection
EndGlobal
