
Microsoft Visual Studio Solution File, Format Version 12.00
# Visual Studio Version 17
VisualStudioVersion = 17.11.35219.272
MinimumVisualStudioVersion = 10.0.40219.1
Project("{D954291E-2A0B-460D-934E-DC6B0785DB48}") = "Generators.Shared", "Generators.Shared\Generators.Shared.shproj", "{BD984BDA-E2B5-4695-9B5A-53B46D8E6725}"
EndProject
Global
	GlobalSection(SolutionProperties) = preSolution
		HideSolutionNode = FALSE
	EndGlobalSection
	GlobalSection(ExtensibilityGlobals) = postSolution
		SolutionGuid = {C291A4CD-C277-407A-81EA-FA6097847E24}
	EndGlobalSection
	GlobalSection(SharedMSBuildProjectFiles) = preSolution
		Generators.Shared\Generators.Shared.projitems*{bd984bda-e2b5-4695-9b5a-53b46d8e6725}*SharedItemsImports = 13
	EndGlobalSection
EndGlobal
